
Microsoft Visual Studio Solution File, Format Version 12.00
# Visual Studio Version 17
VisualStudioVersion = 17.6.33829.357
MinimumVisualStudioVersion = 10.0.40219.1
Project("{8BC9CEB8-8B4A-11D0-8D11-00A0C91BC942}") = "SandBox", "SandBox\SandBox.vcxproj", "{23040FA9-1E28-4529-B1E0-A0AF99E87DD3}"
EndProject
Project("{8BC9CEB8-8B4A-11D0-8D11-00A0C91BC942}") = "MaricGameEngine", "MaricGameEngine\MaricGameEngine.vcxproj", "{8E314E30-8AFB-4A21-9CF8-5FE2C789A38B}"
EndProject
Global
	GlobalSection(SolutionConfigurationPlatforms) = preSolution
		Debug|x64 = Debug|x64
		Release|x64 = Release|x64
	EndGlobalSection
	GlobalSection(ProjectConfigurationPlatforms) = postSolution
		{8E314E30-8AFB-4A21-9CF8-5FE2C789A38B}.Debug|x64.ActiveCfg = Debug|x64
		{8E314E30-8AFB-4A21-9CF8-5FE2C789A38B}.Debug|x64.Build.0 = Debug|x64
		{8E314E30-8AFB-4A21-9CF8-5FE2C789A38B}.Release|x64.ActiveCfg = Release|x64
		{8E314E30-8AFB-4A21-9CF8-5FE2C789A38B}.Release|x64.Build.0 = Release|x64
		{23040FA9-1E28-4529-B1E0-A0AF99E87DD3}.Debug|x64.ActiveCfg = Debug|x64
		{23040FA9-1E28-4529-B1E0-A0AF99E87DD3}.Debug|x64.Build.0 = Debug|x64
		{23040FA9-1E28-4529-B1E0-A0AF99E87DD3}.Release|x64.ActiveCfg = Release|x64
		{23040FA9-1E28-4529-B1E0-A0AF99E87DD3}.Release|x64.Build.0 = Release|x64
	EndGlobalSection
	GlobalSection(SolutionProperties) = preSolution
		HideSolutionNode = FALSE
	EndGlobalSection
	GlobalSection(ExtensibilityGlobals) = postSolution
		SolutionGuid = {F7605CA9-F231-411C-86BB-B74FE27C46EA}
	EndGlobalSection
EndGlobal
